hash: ebe8cd3dca53eefb7a0b48ebead731c7d6592c550326407b7ca508a08448bac9
updated: 2016-10-26T14:03:41.520531083+07:00
imports:
- name: cloud.google.com/go
  version: 4a66ffc8b8f739b1677c1f45a00885458014f487
  subpackages:
  - compute/metadata
  - internal
- name: github.com/asaskevich/govalidator
  version: 7b3beb6df3c42abd3509abfc3bcacc0fbfb7c877
- name: github.com/dgrijalva/jwt-go
  version: d2709f9f1f31ebcda9651b03077758c1f3a0018c
- name: github.com/fsnotify/fsnotify
  version: bd2828f9f176e52d7222e565abb2d338d3f3c103
- name: github.com/golang/protobuf
  version: 98fa357170587e470c5f27d3c3ea0947b71eb455
  subpackages:
  - proto
- name: github.com/hashicorp/hcl
  version: 99ce73d4fe576449f7a689d4fc2b2ad09a86bdaa
  subpackages:
  - hcl/ast
  - hcl/parser
  - hcl/scanner
  - hcl/strconv
  - hcl/token
  - json/parser
  - json/scanner
  - json/token
- name: github.com/kr/fs
  version: 2788f0dbd16903de03cb8186e5c7d97b69ad387b
- name: github.com/labstack/echo
  version: 04e6901d05b58ddbae579a6252a3d1bb3f334adc
  subpackages:
  - context
  - engine
  - engine/standard
  - log
  - middleware
- name: github.com/labstack/gommon
  version: 2d272df536d051e737aea353b86c979d6e88bce0
  subpackages:
  - bytes
  - color
  - log
  - random
- name: github.com/magiconair/properties
  version: 0723e352fa358f9322c938cc2dadda874e9151a9
- name: github.com/mattn/go-colorable
  version: 6c903ff4aa50920ca86087a280590b36b3152b9c
- name: github.com/mattn/go-isatty
  version: 66b8e73f3f5cda9f96b69efd03dd3d7fc4a5cdb8
- name: github.com/mendsley/gojwk
  version: 4d5ec6e58103388d6cb0d7d72bc72649be4f0504
- name: github.com/mitchellh/mapstructure
  version: f3009df150dadf309fdee4a54ed65c124afad715
- name: github.com/pborman/uuid
  version: a97ce2ca70fa5a848076093f05e639a89ca34d06
- name: github.com/pelletier/go-buffruneio
  version: df1e16fde7fc330a0ca68167c23bf7ed6ac31d6d
- name: github.com/pelletier/go-toml
  version: 45932ad32dfdd20826f5671da37a5f3ce9f26a8d
- name: github.com/pkg/errors
  version: 645ef00459ed84a119197bfb8d8205042c6df63d
- name: github.com/pkg/sftp
  version: 4d0e916071f68db74f8a73926335f809396d6b42
- name: github.com/spf13/afero
  version: 52e4a6cfac46163658bd4f123c49b6ee7dc75f78
  subpackages:
  - mem
  - sftp
- name: github.com/spf13/cast
  version: 2580bc98dc0e62908119e4737030cc2fdfc45e4c
- name: github.com/spf13/jwalterweatherman
  version: 33c24e77fb80341fe7130ee7c594256ff08ccc46
- name: github.com/spf13/pflag
  version: 5ccb023bc27df288a957c5e994cd44fd19619465
- name: github.com/spf13/viper
  version: 80ab6657f9ec7e5761f6603320d3d58dfe6970f6
- name: github.com/valyala/fasttemplate
  version: 3b874956e03f1636d171bda64b130f9135f42cff
- name: golang.org/x/crypto
  version: ca7e7f10cb9fd9c1a6ff7f60436c086d73714180
  subpackages:
  - curve25519
  - ed25519
  - ed25519/internal/edwards25519
  - ssh
- name: golang.org/x/net
  version: 65dfc08770ce66f74becfdff5f8ab01caef4e946
  subpackages:
  - context
  - context/ctxhttp
- name: golang.org/x/oauth2
  version: 25b4fb1468cb89700c7c060cb99f30581a61f5e3
  subpackages:
  - bitbucket
  - clientcredentials
  - facebook
  - github
  - google
  - heroku
  - internal
  - jws
  - jwt
  - linkedin
  - odnoklassniki
  - paypal
  - slack
  - uber
  - vk
- name: golang.org/x/sys
  version: c200b10b5d5e122be351b67af224adc6128af5bf
  subpackages:
  - unix
- name: golang.org/x/text
  version: 16e1d1f27f7aba51c74c0aeb7a7ee31a75c5c63c
  subpackages:
  - transform
  - unicode/norm
- name: google.golang.org/appengine
  version: 46239ca616842c00f41b8cbc6bbf2bd6ffbfcdad
  subpackages:
  - internal
  - internal/app_identity
  - internal/base
  - internal/datastore
  - internal/log
  - internal/modules
  - internal/remote_api
  - internal/urlfetch
  - urlfetch
- name: gopkg.in/mgo.v2
  version: 3f83fa5005286a7fe593b055f0d7771a7dce4655
  subpackages:
  - bson
  - internal/json
  - internal/sasl
  - internal/scram
- name: gopkg.in/yaml.v2
  version: a5b47d31c556af34a302ce5d659e6fea44d90de0
testImports:
- name: github.com/davecgh/go-spew
  version: 6d212800a42e8ab5c146b8ace3490ee17e5225f9
  subpackages:
  - spew
- name: github.com/pmezard/go-difflib
  version: d8ed2627bdf02c080bf22230dbb337003b7aba2d
  subpackages:
  - difflib
- name: github.com/stretchr/objx
  version: cbeaeb16a013161a98496fad62933b1d21786672
- name: github.com/stretchr/testify
  version: 69483b4bd14f5845b5a1e55bca19e954e827f1d0
  subpackages:
  - assert
  - mock
- name: gopkg.in/h2non/gock.v1
  version: 94f351a7b5b664969d46263771db3e834edca0f1
