hash: 0140eab13ff77e2dcd860c56089086358f6adb3fe85648ea47f6aaadb91b55d8
updated: 2016-09-14T21:23:33.624089491+07:00
imports:
- name: cloud.google.com/go
  version: 47cc972f7569537ef0462055df5a10e5ea90f5d6
  subpackages:
  - compute/metadata
  - internal
- name: github.com/asaskevich/govalidator
  version: 7664702784775e51966f0885f5cd27435916517b
- name: github.com/dgrijalva/jwt-go
  version: d2709f9f1f31ebcda9651b03077758c1f3a0018c
- name: github.com/fsnotify/fsnotify
  version: a8a77c9133d2d6fd8334f3260d06f60e8d80a5fb
- name: github.com/golang/protobuf
  version: 1f49d83d9aa00e6ce4fc8258c71cc7786aec968a
  subpackages:
  - proto
- name: github.com/labstack/echo
  version: fbcdf70c52c155ae9aa58e72ee0532fa2f1cad2e
  subpackages:
  - engine
  - engine/standard
  - log
- name: github.com/labstack/gommon
  version: 431777a5117c8de4352a400dad1e2a55f484b189
  subpackages:
  - color
  - log
- name: github.com/mattn/go-colorable
  version: ed8eb9e318d7a84ce5915b495b7d35e0cfe7b5a8
- name: github.com/mattn/go-isatty
  version: 66b8e73f3f5cda9f96b69efd03dd3d7fc4a5cdb8
- name: github.com/mendsley/gojwk
  version: 4d5ec6e58103388d6cb0d7d72bc72649be4f0504
- name: github.com/mitchellh/mapstructure
  version: ca63d7c062ee3c9f34db231e352b60012b4fd0c1
- name: github.com/pborman/uuid
  version: a97ce2ca70fa5a848076093f05e639a89ca34d06
- name: github.com/valyala/fasttemplate
  version: 3b874956e03f1636d171bda64b130f9135f42cff
- name: golang.org/x/net
  version: de35ec43e7a9aabd6a9c54d2898220ea7e44de7d
  subpackages:
  - context
  - context/ctxhttp
- name: golang.org/x/oauth2
  version: 3c3a985cb79f52a3190fbc056984415ca6763d01
  subpackages:
  - bitbucket
  - clientcredentials
  - facebook
  - github
  - google
  - heroku
  - internal
  - jws
  - jwt
  - linkedin
  - odnoklassniki
  - paypal
  - slack
  - uber
  - vk
- name: golang.org/x/sys
  version: 30de6d19a3bd89a5f38ae4028e23aaa5582648af
  subpackages:
  - unix
- name: google.golang.org/appengine
  version: 4f7eeb5305a4ba1966344836ba4af9996b7b4e05
  subpackages:
  - internal
  - internal/app_identity
  - internal/base
  - internal/datastore
  - internal/log
  - internal/modules
  - internal/remote_api
  - internal/urlfetch
  - urlfetch
- name: gopkg.in/yaml.v2
  version: 31c299268d302dd0aa9a0dcf765a3d58971ac83f
testImports: []
